
Microsoft Visual Studio Solution File, Format Version 12.00
# Visual Studio Version 17
VisualStudioVersion = 17.4.33213.308
MinimumVisualStudioVersion = 10.0.40219.1
Project("{FAE04EC0-301F-11D3-BF4B-00C04F79EFBC}") = "GeoBlazorPoc1", "GeoBlazorPoc1.csproj", "{0B1D0253-7C14-432B-9B1C-62A20E6F80CC}"
EndProject
Global
	GlobalSection(SolutionConfigurationPlatforms) = preSolution
		Debug|Any CPU = Debug|Any CPU
		Release|Any CPU = Release|Any CPU
	EndGlobalSection
	GlobalSection(ProjectConfigurationPlatforms) = postSolution
		{0B1D0253-7C14-432B-9B1C-62A20E6F80CC}.Debug|Any CPU.ActiveCfg = Debug|Any CPU
		{0B1D0253-7C14-432B-9B1C-62A20E6F80CC}.Debug|Any CPU.Build.0 = Debug|Any CPU
		{0B1D0253-7C14-432B-9B1C-62A20E6F80CC}.Release|Any CPU.ActiveCfg = Release|Any CPU
		{0B1D0253-7C14-432B-9B1C-62A20E6F80CC}.Release|Any CPU.Build.0 = Release|Any CPU
	EndGlobalSection
	GlobalSection(SolutionProperties) = preSolution
		HideSolutionNode = FALSE
	EndGlobalSection
	GlobalSection(ExtensibilityGlobals) = postSolution
		SolutionGuid = {D99FAD84-5EC6-4B6A-9D3D-9DA9F299DCA2}
	EndGlobalSection
EndGlobal
